
Microsoft Visual Studio Solution File, Format Version 12.00
# Visual Studio Version 16
VisualStudioVersion = 16.0.31515.178
MinimumVisualStudioVersion = 10.0.40219.1
Project("{FAE04EC0-301F-11D3-BF4B-00C04F79EFBC}") = "Apibeanstalkteste", "Apibeanstalkteste\Apibeanstalkteste.csproj", "{20DB7016-B18D-4D07-807E-538535506685}"
EndProject
Global
	GlobalSection(SolutionConfigurationPlatforms) = preSolution
		Debug|Any CPU = Debug|Any CPU
		Release|Any CPU = Release|Any CPU
	EndGlobalSection
	GlobalSection(ProjectConfigurationPlatforms) = postSolution
		{20DB7016-B18D-4D07-807E-538535506685}.Debug|Any CPU.ActiveCfg = Debug|Any CPU
		{20DB7016-B18D-4D07-807E-538535506685}.Debug|Any CPU.Build.0 = Debug|Any CPU
		{20DB7016-B18D-4D07-807E-538535506685}.Release|Any CPU.ActiveCfg = Release|Any CPU
		{20DB7016-B18D-4D07-807E-538535506685}.Release|Any CPU.Build.0 = Release|Any CPU
	EndGlobalSection
	GlobalSection(SolutionProperties) = preSolution
		HideSolutionNode = FALSE
	EndGlobalSection
	GlobalSection(ExtensibilityGlobals) = postSolution
		SolutionGuid = {1F6F92FC-FDF9-43A8-BC36-18794028EF31}
	EndGlobalSection
EndGlobal
